// !$*UTF8*$!
{
	archiveVersion = 1;
	classes = {
	};
	objectVersion = 46;
	objects = {

/* Begin PBXBuildFile section */
		822515111C6BC80D00C37D2F /* AppDelegate.swift in Sources */ = {isa = PBXBuildFile; fileRef = 822515101C6BC80D00C37D2F /* AppDelegate.swift */; };
		822515131C6BC80D00C37D2F /* ViewController.swift in Sources */ = {isa = PBXBuildFile; fileRef = 822515121C6BC80D00C37D2F /* ViewController.swift */; };
		822515161C6BC80D00C37D2F /* Main.storyboard in Resources */ = {isa = PBXBuildFile; fileRef = 822515141C6BC80D00C37D2F /* Main.storyboard */; };
		822515181C6BC80D00C37D2F /* Assets.xcassets in Resources */ = {isa = PBXBuildFile; fileRef = 822515171C6BC80D00C37D2F /* Assets.xcassets */; };
		8225151B1C6BC80D00C37D2F /* LaunchScreen.storyboard in Resources */ = {isa = PBXBuildFile; fileRef = 822515191C6BC80D00C37D2F /* LaunchScreen.storyboard */; };
/* End PBXBuildFile section */

/* Begin PBXFileReference section */
		8225150D1C6BC80D00C37D2F /* ConetionServer.app */ = {isa = PBXFileReference; explicitFileType = wrapper.application; includeInIndex = 0; path = ConetionServer.app; sourceTree = BUILT_PRODUCTS_DIR; };
		822515101C6BC80D00C37D2F /* AppDelegate.swift */ = {isa = PBXFileReference; lastKnownFileType = sourcecode.swift; path = AppDelegate.swift; sourceTree = "<group>"; };
		822515121C6BC80D00C37D2F /* ViewController.swift */ = {isa = PBXFileReference; lastKnownFileType = sourcecode.swift; path = ViewController.swift; sourceTree = "<group>"; };
		822515151C6BC80D00C37D2F /* Base */ = {isa = PBXFileReference; lastKnownFileType = file.storyboard; name = Base; path = Base.lproj/Main.storyboard; sourceTree = "<group>"; };
		822515171C6BC80D00C37D2F /* Assets.xcassets */ = {isa = PBXFileReference; lastKnownFileType = folder.assetcatalog; path = Assets.xcassets; sourceTree = "<group>"; };
		8225151A1C6BC80D00C37D2F /* Base */ = {isa = PBXFileReference; lastKnownFileType = file.storyboard; name = Base; path = Base.lproj/LaunchScreen.storyboard; sourceTree = "<group>"; };
		8225151C1C6BC80D00C37D2F /* Info.plist */ = {isa = PBXFileReference; lastKnownFileType = text.plist.xml; path = Info.plist; sourceTree = "<group>"; };
/* End PBXFileReference section */

/* Begin PBXFrameworksBuildPhase section */
		8225150A1C6BC80D00C37D2F /* Frameworks */ = {
			isa = PBXFrameworksBuildPhase;
			buildActionMask = 2147483647;
			files = (
			);
			runOnlyForDeploymentPostprocessing = 0;
		};
/* End PBXFrameworksBuildPhase section */

/* Begin PBXGroup section */
		822515041C6BC80D00C37D2F = {
			isa = PBXGroup;
			children = (
				8225150F1C6BC80D00C37D2F /* ConetionServer */,
				8225150E1C6BC80D00C37D2F /* Products */,
			);
			sourceTree = "<group>";
		};
		8225150E1C6BC80D00C37D2F /* Products */ = {
			isa = PBXGroup;
			children = (
				8225150D1C6BC80D00C37D2F /* ConetionServer.app */,
			);
			name = Products;
			sourceTree = "<group>";
		};
		8225150F1C6BC80D00C37D2F /* ConetionServer */ = {
			isa = PBXGroup;
			children = (
				822515101C6BC80D00C37D2F /* AppDelegate.swift */,
				822515121C6BC80D00C37D2F /* ViewController.swift */,
				822515141C6BC80D00C37D2F /* Main.storyboard */,
				822515171C6BC80D00C37D2F /* Assets.xcassets */,
				822515191C6BC80D00C37D2F /* LaunchScreen.storyboard */,
				8225151C1C6BC80D00C37D2F /* Info.plist */,
			);
			path = ConetionServer;
			sourceTree = "<group>";
		};
/* End PBXGroup section */

/* Begin PBXNativeTarget section */
		8225150C1C6BC80D00C37D2F /* ConetionServer */ = {
			isa = PBXNativeTarget;
			buildConfigurationList = 8225151F1C6BC80D00C37D2F /* Build configuration list for PBXNativeTarget "ConetionServer" */;
			buildPhases = (
				822515091C6BC80D00C37D2F /* Sources */,
				8225150A1C6BC80D00C37D2F /* Frameworks */,
				8225150B1C6BC80D00C37D2F /* Resources */,
			);
			buildRules = (
			);
			dependencies = (
			);
			name = ConetionServer;
			productName = ConetionServer;
			productReference = 8225150D1C6BC80D00C37D2F /* ConetionServer.app */;
			productType = "com.apple.product-type.application";
		};
/* End PBXNativeTarget section */

/* Begin PBXProject section */
		822515051C6BC80D00C37D2F /* Project object */ = {
			isa = PBXProject;
			attributes = {
				LastSwiftUpdateCheck = 0720;
				LastUpgradeCheck = 0720;
				ORGANIZATIONNAME = "Pollinion INC";
				TargetAttributes = {
					8225150C1C6BC80D00C37D2F = {
						CreatedOnToolsVersion = 7.2;
						DevelopmentTeam = 2TPLXJ3748;
					};
				};
			};
			buildConfigurationList = 822515081C6BC80D00C37D2F /* Build configuration list for PBXProject "ConetionServer" */;
			compatibilityVersion = "Xcode 3.2";
			developmentRegion = English;
			hasScannedForEncodings = 0;
			knownRegions = (
				en,
				Base,
			);
			mainGroup = 822515041C6BC80D00C37D2F;
			productRefGroup = 8225150E1C6BC80D00C37D2F /* Products */;
			projectDirPath = "";
			projectRoot = "";
			targets = (
				8225150C1C6BC80D00C37D2F /* ConetionServer */,
			);
		};
/* End PBXProject section */

/* Begin PBXResourcesBuildPhase section */
		8225150B1C6BC80D00C37D2F /* Resources */ = {
			isa = PBXResourcesBuildPhase;
			buildActionMask = 2147483647;
			files = (
				8225151B1C6BC80D00C37D2F /* LaunchScreen.storyboard in Resources */,
				822515181C6BC80D00C37D2F /* Assets.xcassets in Resources */,
				822515161C6BC80D00C37D2F /* Main.storyboard in Resources */,
			);
			runOnlyForDeploymentPostprocessing = 0;
		};
/* End PBXResourcesBuildPhase section */

/* Begin PBXSourcesBuildPhase section */
		822515091C6BC80D00C37D2F /* Sources */ = {
			isa = PBXSourcesBuildPhase;
			buildActionMask = 2147483647;
			files = (
				822515131C6BC80D00C37D2F /* ViewController.swift in Sources */,
				822515111C6BC80D00C37D2F /* AppDelegate.swift in Sources */,
			);
			runOnlyForDeploymentPostprocessing = 0;
		};
/* End PBXSourcesBuildPhase section */

/* Begin PBXVariantGroup section */
		822515141C6BC80D00C37D2F /* Main.storyboard */ = {
			isa = PBXVariantGroup;
			children = (
				822515151C6BC80D00C37D2F /* Base */,
			);
			name = Main.storyboard;
			sourceTree = "<group>";
		};
		822515191C6BC80D00C37D2F /* LaunchScreen.storyboard */ = {
			isa = PBXVariantGroup;
			children = (
				8225151A1C6BC80D00C37D2F /* Base */,
			);
			name = LaunchScreen.storyboard;
			sourceTree = "<group>";
		};
/* End PBXVariantGroup section */

/* Begin XCBuildConfiguration section */
		8225151D1C6BC80D00C37D2F /* Debug */ = {
			isa = XCBuildConfiguration;
			buildSettings = {
				ALWAYS_SEARCH_USER_PATHS = NO;
				CLANG_CXX_LANGUAGE_STANDARD = "gnu++0x";
				CLANG_CXX_LIBRARY = "libc++";
				CLANG_ENABLE_MODULES = YES;
				CLANG_ENABLE_OBJC_ARC = YES;
				CLANG_WARN_BOOL_CONVERSION = YES;
				CLANG_WARN_CONSTANT_CONVERSION = YES;
				CLANG_WARN_DIRECT_OBJC_ISA_USAGE = YES_ERROR;
				CLANG_WARN_EMPTY_BODY = YES;
				CLANG_WARN_ENUM_CONVERSION = YES;
				CLANG_WARN_INT_CONVERSION = YES;
				CLANG_WARN_OBJC_ROOT_CLASS = YES_ERROR;
				CLANG_WARN_UNREACHABLE_CODE = YES;
				CLANG_WARN__DUPLICATE_METHOD_MATCH = YES;
				"CODE_SIGN_IDENTITY[sdk=iphoneos*]" = "iPhone Developer";
				COPY_PHASE_STRIP = NO;
				DEBUG_INFORMATION_FORMAT = dwarf;
				ENABLE_STRICT_OBJC_MSGSEND = YES;
				ENABLE_TESTABILITY = YES;
				GCC_C_LANGUAGE_STANDARD = gnu99;
				GCC_DYNAMIC_NO_PIC = NO;
				GCC_NO_COMMON_BLOCKS = YES;
				GCC_OPTIMIZATION_LEVEL = 0;
				GCC_PREPROCESSOR_DEFINITIONS = (
					"DEBUG=1",
					"$(inherited)",
				);
				GCC_WARN_64_TO_32_BIT_CONVERSION = YES;
				GCC_WARN_ABOUT_RETURN_TYPE = YES_ERROR;
				GCC_WARN_UNDECLARED_SELECTOR = YES;
				GCC_WARN_UNINITIALIZED_AUTOS = YES_AGGRESSIVE;
				GCC_WARN_UNUSED_FUNCTION = YES;
				GCC_WARN_UNUSED_VARIABLE = YES;
				IPHONEOS_DEPLOYMENT_TARGET = 9.2;
				MTL_ENABLE_DEBUG_INFO = YES;
				ONLY_ACTIVE_ARCH = YES;
				SDKROOT = iphoneos;
				SWIFT_OPTIMIZATION_LEVEL = "-Onone";
				TARGETED_DEVICE_FAMILY = "1,2";
			};
			name = Debug;
		};
		8225151E1C6BC80D00C37D2F /* Release */ = {
			isa = XCBuildConfiguration;
			buildSettings = {
				ALWAYS_SEARCH_USER_PATHS = NO;
				CLANG_CXX_LANGUAGE_STANDARD = "gnu++0x";
				CLANG_CXX_LIBRARY = "libc++";
				CLANG_ENABLE_MODULES = YES;
				CLANG_ENABLE_OBJC_ARC = YES;
				CLANG_WARN_BOOL_CONVERSION = YES;
				CLANG_WARN_CONSTANT_CONVERSION = YES;
				CLANG_WARN_DIRECT_OBJC_ISA_USAGE = YES_ERROR;
				CLANG_WARN_EMPTY_BODY = YES;
				CLANG_WARN_ENUM_CONVERSION = YES;
				CLANG_WARN_INT_CONVERSION = YES;
				CLANG_WARN_OBJC_ROOT_CLASS = YES_ERROR;
				CLANG_WARN_UNREACHABLE_CODE = YES;
				CLANG_WARN__DUPLICATE_METHOD_MATCH = YES;
				"CODE_SIGN_IDENTITY[sdk=iphoneos*]" = "iPhone Developer";
				COPY_PHASE_STRIP = NO;
				DEBUG_INFORMATION_FORMAT = "dwarf-with-dsym";
				ENABLE_NS_ASSERTIONS = NO;
				ENABLE_STRICT_OBJC_MSGSEND = YES;
				GCC_C_LANGUAGE_STANDARD = gnu99;
				GCC_NO_COMMON_BLOCKS = YES;
				GCC_WARN_64_TO_32_BIT_CONVERSION = YES;
				GCC_WARN_ABOUT_RETURN_TYPE = YES_ERROR;
				GCC_WARN_UNDECLARED_SELECTOR = YES;
				GCC_WARN_UNINITIALIZED_AUTOS = YES_AGGRESSIVE;
				GCC_WARN_UNUSED_FUNCTION = YES;
				GCC_WARN_UNUSED_VARIABLE = YES;
				IPHONEOS_DEPLOYMENT_TARGET = 9.2;
				MTL_ENABLE_DEBUG_INFO = NO;
				SDKROOT = iphoneos;
				TARGETED_DEVICE_FAMILY = "1,2";
				VALIDATE_PRODUCT = YES;
			};
			name = Release;
		};
		822515201C6BC80D00C37D2F /* Debug */ = {
			isa = XCBuildConfiguration;
			buildSettings = {
				ASSETCATALOG_COMPILER_APPICON_NAME = AppIcon;
				INFOPLIST_FILE = ConetionServer/Info.plist;
				LD_RUNPATH_SEARCH_PATHS = "$(inherited) @executable_path/Frameworks";
				PRODUCT_BUNDLE_IDENTIFIER = pollinion.ConetionServer;
				PRODUCT_NAME = "$(TARGET_NAME)";
			};
			name = Debug;
		};
		822515211C6BC80D00C37D2F /* Release */ = {
			isa = XCBuildConfiguration;
			buildSettings = {
				ASSETCATALOG_COMPILER_APPICON_NAME = AppIcon;
				INFOPLIST_FILE = ConetionServer/Info.plist;
				LD_RUNPATH_SEARCH_PATHS = "$(inherited) @executable_path/Frameworks";
				PRODUCT_BUNDLE_IDENTIFIER = pollinion.ConetionServer;
				PRODUCT_NAME = "$(TARGET_NAME)";
			};
			name = Release;
		};
/* End XCBuildConfiguration section */

/* Begin XCConfigurationList section */
		822515081C6BC80D00C37D2F /* Build configuration list for PBXProject "ConetionServer" */ = {
			isa = XCConfigurationList;
			buildConfigurations = (
				8225151D1C6BC80D00C37D2F /* Debug */,
				8225151E1C6BC80D00C37D2F /* Release */,
			);
			defaultConfigurationIsVisible = 0;
			defaultConfigurationName = Release;
		};
		8225151F1C6BC80D00C37D2F /* Build configuration list for PBXNativeTarget "ConetionServer" */ = {
			isa = XCConfigurationList;
			buildConfigurations = (
				822515201C6BC80D00C37D2F /* Debug */,
				822515211C6BC80D00C37D2F /* Release */,
			);
			defaultConfigurationIsVisible = 0;
		};
/* End XCConfigurationList section */
	};
	rootObject = 822515051C6BC80D00C37D2F /* Project object */;
}
